
Microsoft Visual Studio Solution File, Format Version 12.00
# Visual Studio Version 17
VisualStudioVersion = 17.8.34322.80
MinimumVisualStudioVersion = 10.0.40219.1
Project("{FAE04EC0-301F-11D3-BF4B-00C04F79EFBC}") = "baitapngay13", "baitapngay13\baitapngay13.csproj", "{DFEE3850-5763-4EFB-8891-FFF212C2FB1E}"
EndProject
Global
	GlobalSection(SolutionConfigurationPlatforms) = preSolution
		Debug|Any CPU = Debug|Any CPU
		Release|Any CPU = Release|Any CPU
	EndGlobalSection
	GlobalSection(ProjectConfigurationPlatforms) = postSolution
		{DFEE3850-5763-4EFB-8891-FFF212C2FB1E}.Debug|Any CPU.ActiveCfg = Debug|Any CPU
		{DFEE3850-5763-4EFB-8891-FFF212C2FB1E}.Debug|Any CPU.Build.0 = Debug|Any CPU
		{DFEE3850-5763-4EFB-8891-FFF212C2FB1E}.Release|Any CPU.ActiveCfg = Release|Any CPU
		{DFEE3850-5763-4EFB-8891-FFF212C2FB1E}.Release|Any CPU.Build.0 = Release|Any CPU
	EndGlobalSection
	GlobalSection(SolutionProperties) = preSolution
		HideSolutionNode = FALSE
	EndGlobalSection
	GlobalSection(ExtensibilityGlobals) = postSolution
		SolutionGuid = {2D6D80A0-C680-43D3-B4FC-7B0D2356EB74}
	EndGlobalSection
EndGlobal
